
Microsoft Visual Studio Solution File, Format Version 12.00
# Visual Studio Version 17
VisualStudioVersion = 17.0.31919.166
MinimumVisualStudioVersion = 10.0.40219.1
Project("{9A19103F-16F7-4668-BE54-9A1E7A4F7556}") = "Assignment BankManager", "Assignment BankManager\Assignment BankManager.csproj", "{872AE97D-2309-4E8E-A410-62502FFB9D3F}"
EndProject
Project("{9A19103F-16F7-4668-BE54-9A1E7A4F7556}") = "Assignment_Bookmark", "Assignment_Bookmark\Assignment_Bookmark.csproj", "{E587D0FE-FE5C-4954-AF12-E9E8DF95DE83}"
EndProject
Project("{9A19103F-16F7-4668-BE54-9A1E7A4F7556}") = "AssignmentMeetlat", "AssignmentMeetlat\AssignmentMeetlat.csproj", "{3234459A-BE74-4CF9-995A-6016C92D3B91}"
EndProject
Project("{9A19103F-16F7-4668-BE54-9A1E7A4F7556}") = "OefeningFiguren", "OefeningFiguren\OefeningFiguren.csproj", "{5A3C94B9-5F8C-4D85-A6AB-FDF880EDDBC6}"
EndProject
Project("{9A19103F-16F7-4668-BE54-9A1E7A4F7556}") = "PizzaTime", "PizzaTime\PizzaTime.csproj", "{DFA3967D-0D2B-4D6B-8811-5056B52C707B}"
EndProject
Project("{9A19103F-16F7-4668-BE54-9A1E7A4F7556}") = "Assignent_Speelkaarten", "Assignent_Speelkaarten\Assignent_Speelkaarten.csproj", "{D4E09EAE-EA3B-4855-9C41-20DABF628361}"
EndProject
Project("{9A19103F-16F7-4668-BE54-9A1E7A4F7556}") = "Assignment_Dierenrijk_DierenrijkExtra", "Assignment_Dierenrijk_DierenrijkExtra\Assignment_Dierenrijk_DierenrijkExtra.csproj", "{29D88DAE-F127-447C-863E-BB0FB181EB73}"
EndProject
Project("{9A19103F-16F7-4668-BE54-9A1E7A4F7556}") = "Assignment_Book", "Assignment_Book\Assignment_Book.csproj", "{4A8CEE00-778F-456D-9003-0543E7510A1B}"
EndProject
Project("{9A19103F-16F7-4668-BE54-9A1E7A4F7556}") = "Assignment_Een_Eigen_Huis", "Assignment_Een_Eigen_Huis\Assignment_Een_Eigen_Huis.csproj", "{DA069BE2-9AA1-4894-9A08-F6C3E5BF4275}"
EndProject
Project("{2150E333-8FDC-42A3-9474-1A3956D46DE8}") = "Console", "Console", "{4B0AC887-A6C7-4E05-982E-53218C9447C3}"
EndProject
Project("{2150E333-8FDC-42A3-9474-1A3956D46DE8}") = "WPF", "WPF", "{8756B75D-8658-471A-88C8-97DE40182774}"
EndProject
Project("{FAE04EC0-301F-11D3-BF4B-00C04F79EFBC}") = "Hoofstuk_1", "Hoofstuk_1\Hoofstuk_1.csproj", "{4B2097B5-2A0B-4525-AFEE-852D48C9DB32}"
EndProject
Project("{FAE04EC0-301F-11D3-BF4B-00C04F79EFBC}") = "BerekenOmtrek", "BerekenOmtrek\BerekenOmtrek.csproj", "{F8B2FCC8-E89B-4C6A-BDE5-47A2BDA7970C}"
EndProject
Project("{FAE04EC0-301F-11D3-BF4B-00C04F79EFBC}") = "Werknemer", "Werknemer\Werknemer.csproj", "{AA45F282-5B37-4F4B-93ED-B94B097AA645}"
EndProject
Global
	GlobalSection(SolutionConfigurationPlatforms) = preSolution
		Debug|Any CPU = Debug|Any CPU
		Release|Any CPU = Release|Any CPU
	EndGlobalSection
	GlobalSection(ProjectConfigurationPlatforms) = postSolution
		{872AE97D-2309-4E8E-A410-62502FFB9D3F}.Debug|Any CPU.ActiveCfg = Debug|Any CPU
		{872AE97D-2309-4E8E-A410-62502FFB9D3F}.Debug|Any CPU.Build.0 = Debug|Any CPU
		{872AE97D-2309-4E8E-A410-62502FFB9D3F}.Release|Any CPU.ActiveCfg = Release|Any CPU
		{872AE97D-2309-4E8E-A410-62502FFB9D3F}.Release|Any CPU.Build.0 = Release|Any CPU
		{E587D0FE-FE5C-4954-AF12-E9E8DF95DE83}.Debug|Any CPU.ActiveCfg = Debug|Any CPU
		{E587D0FE-FE5C-4954-AF12-E9E8DF95DE83}.Debug|Any CPU.Build.0 = Debug|Any CPU
		{E587D0FE-FE5C-4954-AF12-E9E8DF95DE83}.Release|Any CPU.ActiveCfg = Release|Any CPU
		{E587D0FE-FE5C-4954-AF12-E9E8DF95DE83}.Release|Any CPU.Build.0 = Release|Any CPU
		{3234459A-BE74-4CF9-995A-6016C92D3B91}.Debug|Any CPU.ActiveCfg = Debug|Any CPU
		{3234459A-BE74-4CF9-995A-6016C92D3B91}.Debug|Any CPU.Build.0 = Debug|Any CPU
		{3234459A-BE74-4CF9-995A-6016C92D3B91}.Release|Any CPU.ActiveCfg = Release|Any CPU
		{3234459A-BE74-4CF9-995A-6016C92D3B91}.Release|Any CPU.Build.0 = Release|Any CPU
		{5A3C94B9-5F8C-4D85-A6AB-FDF880EDDBC6}.Debug|Any CPU.ActiveCfg = Debug|Any CPU
		{5A3C94B9-5F8C-4D85-A6AB-FDF880EDDBC6}.Debug|Any CPU.Build.0 = Debug|Any CPU
		{5A3C94B9-5F8C-4D85-A6AB-FDF880EDDBC6}.Release|Any CPU.ActiveCfg = Release|Any CPU
		{5A3C94B9-5F8C-4D85-A6AB-FDF880EDDBC6}.Release|Any CPU.Build.0 = Release|Any CPU
		{DFA3967D-0D2B-4D6B-8811-5056B52C707B}.Debug|Any CPU.ActiveCfg = Debug|Any CPU
		{DFA3967D-0D2B-4D6B-8811-5056B52C707B}.Debug|Any CPU.Build.0 = Debug|Any CPU
		{DFA3967D-0D2B-4D6B-8811-5056B52C707B}.Release|Any CPU.ActiveCfg = Release|Any CPU
		{DFA3967D-0D2B-4D6B-8811-5056B52C707B}.Release|Any CPU.Build.0 = Release|Any CPU
		{D4E09EAE-EA3B-4855-9C41-20DABF628361}.Debug|Any CPU.ActiveCfg = Debug|Any CPU
		{D4E09EAE-EA3B-4855-9C41-20DABF628361}.Debug|Any CPU.Build.0 = Debug|Any CPU
		{D4E09EAE-EA3B-4855-9C41-20DABF628361}.Release|Any CPU.ActiveCfg = Release|Any CPU
		{D4E09EAE-EA3B-4855-9C41-20DABF628361}.Release|Any CPU.Build.0 = Release|Any CPU
		{29D88DAE-F127-447C-863E-BB0FB181EB73}.Debug|Any CPU.ActiveCfg = Debug|Any CPU
		{29D88DAE-F127-447C-863E-BB0FB181EB73}.Debug|Any CPU.Build.0 = Debug|Any CPU
		{29D88DAE-F127-447C-863E-BB0FB181EB73}.Release|Any CPU.ActiveCfg = Release|Any CPU
		{29D88DAE-F127-447C-863E-BB0FB181EB73}.Release|Any CPU.Build.0 = Release|Any CPU
		{4A8CEE00-778F-456D-9003-0543E7510A1B}.Debug|Any CPU.ActiveCfg = Debug|Any CPU
		{4A8CEE00-778F-456D-9003-0543E7510A1B}.Debug|Any CPU.Build.0 = Debug|Any CPU
		{4A8CEE00-778F-456D-9003-0543E7510A1B}.Release|Any CPU.ActiveCfg = Release|Any CPU
		{4A8CEE00-778F-456D-9003-0543E7510A1B}.Release|Any CPU.Build.0 = Release|Any CPU
		{DA069BE2-9AA1-4894-9A08-F6C3E5BF4275}.Debug|Any CPU.ActiveCfg = Debug|Any CPU
		{DA069BE2-9AA1-4894-9A08-F6C3E5BF4275}.Debug|Any CPU.Build.0 = Debug|Any CPU
		{DA069BE2-9AA1-4894-9A08-F6C3E5BF4275}.Release|Any CPU.ActiveCfg = Release|Any CPU
		{DA069BE2-9AA1-4894-9A08-F6C3E5BF4275}.Release|Any CPU.Build.0 = Release|Any CPU
		{4B2097B5-2A0B-4525-AFEE-852D48C9DB32}.Debug|Any CPU.ActiveCfg = Debug|Any CPU
		{4B2097B5-2A0B-4525-AFEE-852D48C9DB32}.Debug|Any CPU.Build.0 = Debug|Any CPU
		{4B2097B5-2A0B-4525-AFEE-852D48C9DB32}.Release|Any CPU.ActiveCfg = Release|Any CPU
		{4B2097B5-2A0B-4525-AFEE-852D48C9DB32}.Release|Any CPU.Build.0 = Release|Any CPU
		{F8B2FCC8-E89B-4C6A-BDE5-47A2BDA7970C}.Debug|Any CPU.ActiveCfg = Debug|Any CPU
		{F8B2FCC8-E89B-4C6A-BDE5-47A2BDA7970C}.Debug|Any CPU.Build.0 = Debug|Any CPU
		{F8B2FCC8-E89B-4C6A-BDE5-47A2BDA7970C}.Release|Any CPU.ActiveCfg = Release|Any CPU
		{F8B2FCC8-E89B-4C6A-BDE5-47A2BDA7970C}.Release|Any CPU.Build.0 = Release|Any CPU
		{AA45F282-5B37-4F4B-93ED-B94B097AA645}.Debug|Any CPU.ActiveCfg = Debug|Any CPU
		{AA45F282-5B37-4F4B-93ED-B94B097AA645}.Debug|Any CPU.Build.0 = Debug|Any CPU
		{AA45F282-5B37-4F4B-93ED-B94B097AA645}.Release|Any CPU.ActiveCfg = Release|Any CPU
		{AA45F282-5B37-4F4B-93ED-B94B097AA645}.Release|Any CPU.Build.0 = Release|Any CPU
	EndGlobalSection
	GlobalSection(SolutionProperties) = preSolution
		HideSolutionNode = FALSE
	EndGlobalSection
	GlobalSection(NestedProjects) = preSolution
		{872AE97D-2309-4E8E-A410-62502FFB9D3F} = {4B0AC887-A6C7-4E05-982E-53218C9447C3}
		{E587D0FE-FE5C-4954-AF12-E9E8DF95DE83} = {4B0AC887-A6C7-4E05-982E-53218C9447C3}
		{3234459A-BE74-4CF9-995A-6016C92D3B91} = {4B0AC887-A6C7-4E05-982E-53218C9447C3}
		{5A3C94B9-5F8C-4D85-A6AB-FDF880EDDBC6} = {4B0AC887-A6C7-4E05-982E-53218C9447C3}
		{DFA3967D-0D2B-4D6B-8811-5056B52C707B} = {4B0AC887-A6C7-4E05-982E-53218C9447C3}
		{D4E09EAE-EA3B-4855-9C41-20DABF628361} = {4B0AC887-A6C7-4E05-982E-53218C9447C3}
		{29D88DAE-F127-447C-863E-BB0FB181EB73} = {4B0AC887-A6C7-4E05-982E-53218C9447C3}
		{4A8CEE00-778F-456D-9003-0543E7510A1B} = {4B0AC887-A6C7-4E05-982E-53218C9447C3}
		{DA069BE2-9AA1-4894-9A08-F6C3E5BF4275} = {4B0AC887-A6C7-4E05-982E-53218C9447C3}
		{4B2097B5-2A0B-4525-AFEE-852D48C9DB32} = {8756B75D-8658-471A-88C8-97DE40182774}
		{F8B2FCC8-E89B-4C6A-BDE5-47A2BDA7970C} = {8756B75D-8658-471A-88C8-97DE40182774}
		{AA45F282-5B37-4F4B-93ED-B94B097AA645} = {8756B75D-8658-471A-88C8-97DE40182774}
	EndGlobalSection
	GlobalSection(ExtensibilityGlobals) = postSolution
		SolutionGuid = {F7812027-205F-48ED-8732-7A4C4BE50151}
	EndGlobalSection
EndGlobal
